
Microsoft Visual Studio Solution File, Format Version 12.00
# Visual Studio Version 17
VisualStudioVersion = 17.3.32811.315
MinimumVisualStudioVersion = 10.0.40219.1
Project("{9A19103F-16F7-4668-BE54-9A1E7A4F7556}") = "WebAppDETAug2022", "WebAppDETAug2022\WebAppDETAug2022.csproj", "{1E71AEE0-2F72-487C-B36C-27D085368BB6}"
EndProject
Project("{9A19103F-16F7-4668-BE54-9A1E7A4F7556}") = "MVCDemo", "MVCDemo\MVCDemo.csproj", "{5FA19916-2F12-4A5C-BDDA-3C83F24B2D34}"
EndProject
Project("{9A19103F-16F7-4668-BE54-9A1E7A4F7556}") = "APIDemo", "APIDemo\APIDemo.csproj", "{C79410A3-0C76-4006-8D0E-97438F0F939E}"
EndProject
Project("{9A19103F-16F7-4668-BE54-9A1E7A4F7556}") = "ConsoleAPIClient", "ConsoleAPIClient\ConsoleAPIClient.csproj", "{5D730301-57CF-4DF9-885C-E9A87220E709}"
EndProject
Project("{9A19103F-16F7-4668-BE54-9A1E7A4F7556}") = "ODatademo", "ODatademo\ODatademo.csproj", "{D0554493-B94C-4919-B0D1-A0078FD352CC}"
EndProject
Project("{9A19103F-16F7-4668-BE54-9A1E7A4F7556}") = "BANK", "BANK\BANK.csproj", "{D5EE7C16-4DE3-46A3-A7BB-0850AB602EA1}"
EndProject
Project("{9A19103F-16F7-4668-BE54-9A1E7A4F7556}") = "BankTest", "BankTest\BankTest.csproj", "{A4388D84-5BA9-4861-AC0A-746589F688C0}"
EndProject
Project("{9A19103F-16F7-4668-BE54-9A1E7A4F7556}") = "MyFirstUnitTests", "MyFirstUnitTests\MyFirstUnitTests.csproj", "{0240668D-D4BB-481F-BDA4-6C5ADE8238B7}"
EndProject
Project("{9A19103F-16F7-4668-BE54-9A1E7A4F7556}") = "TestProject1_ClassLibPizza", "TestProject1_ClassLibPizza\TestProject1_ClassLibPizza.csproj", "{69592511-EBF3-4C21-A305-A62507EE3B24}"
EndProject
Project("{FAE04EC0-301F-11D3-BF4B-00C04F79EFBC}") = "TDDemo", "TDDemo\TDDemo.csproj", "{51342871-A7C6-4EAC-9973-BCB73CB870A2}"
EndProject
Project("{FAE04EC0-301F-11D3-BF4B-00C04F79EFBC}") = "LibraryAPI", "LibraryAPI\LibraryAPI.csproj", "{7E366C3D-1F37-4F9A-9A17-E98B12CA5E24}"
EndProject
Project("{FAE04EC0-301F-11D3-BF4B-00C04F79EFBC}") = "TestProject", "TestProject\TestProject.csproj", "{1398A0EE-63B6-4A09-A25C-528FD29281E9}"
EndProject
Global
	GlobalSection(SolutionConfigurationPlatforms) = preSolution
		Debug|Any CPU = Debug|Any CPU
		Release|Any CPU = Release|Any CPU
	EndGlobalSection
	GlobalSection(ProjectConfigurationPlatforms) = postSolution
		{1E71AEE0-2F72-487C-B36C-27D085368BB6}.Debug|Any CPU.ActiveCfg = Debug|Any CPU
		{1E71AEE0-2F72-487C-B36C-27D085368BB6}.Debug|Any CPU.Build.0 = Debug|Any CPU
		{1E71AEE0-2F72-487C-B36C-27D085368BB6}.Release|Any CPU.ActiveCfg = Release|Any CPU
		{1E71AEE0-2F72-487C-B36C-27D085368BB6}.Release|Any CPU.Build.0 = Release|Any CPU
		{5FA19916-2F12-4A5C-BDDA-3C83F24B2D34}.Debug|Any CPU.ActiveCfg = Debug|Any CPU
		{5FA19916-2F12-4A5C-BDDA-3C83F24B2D34}.Debug|Any CPU.Build.0 = Debug|Any CPU
		{5FA19916-2F12-4A5C-BDDA-3C83F24B2D34}.Release|Any CPU.ActiveCfg = Release|Any CPU
		{5FA19916-2F12-4A5C-BDDA-3C83F24B2D34}.Release|Any CPU.Build.0 = Release|Any CPU
		{C79410A3-0C76-4006-8D0E-97438F0F939E}.Debug|Any CPU.ActiveCfg = Debug|Any CPU
		{C79410A3-0C76-4006-8D0E-97438F0F939E}.Debug|Any CPU.Build.0 = Debug|Any CPU
		{C79410A3-0C76-4006-8D0E-97438F0F939E}.Release|Any CPU.ActiveCfg = Release|Any CPU
		{C79410A3-0C76-4006-8D0E-97438F0F939E}.Release|Any CPU.Build.0 = Release|Any CPU
		{5D730301-57CF-4DF9-885C-E9A87220E709}.Debug|Any CPU.ActiveCfg = Debug|Any CPU
		{5D730301-57CF-4DF9-885C-E9A87220E709}.Debug|Any CPU.Build.0 = Debug|Any CPU
		{5D730301-57CF-4DF9-885C-E9A87220E709}.Release|Any CPU.ActiveCfg = Release|Any CPU
		{5D730301-57CF-4DF9-885C-E9A87220E709}.Release|Any CPU.Build.0 = Release|Any CPU
		{D0554493-B94C-4919-B0D1-A0078FD352CC}.Debug|Any CPU.ActiveCfg = Debug|Any CPU
		{D0554493-B94C-4919-B0D1-A0078FD352CC}.Debug|Any CPU.Build.0 = Debug|Any CPU
		{D0554493-B94C-4919-B0D1-A0078FD352CC}.Release|Any CPU.ActiveCfg = Release|Any CPU
		{D0554493-B94C-4919-B0D1-A0078FD352CC}.Release|Any CPU.Build.0 = Release|Any CPU
		{D5EE7C16-4DE3-46A3-A7BB-0850AB602EA1}.Debug|Any CPU.ActiveCfg = Debug|Any CPU
		{D5EE7C16-4DE3-46A3-A7BB-0850AB602EA1}.Debug|Any CPU.Build.0 = Debug|Any CPU
		{D5EE7C16-4DE3-46A3-A7BB-0850AB602EA1}.Release|Any CPU.ActiveCfg = Release|Any CPU
		{D5EE7C16-4DE3-46A3-A7BB-0850AB602EA1}.Release|Any CPU.Build.0 = Release|Any CPU
		{A4388D84-5BA9-4861-AC0A-746589F688C0}.Debug|Any CPU.ActiveCfg = Debug|Any CPU
		{A4388D84-5BA9-4861-AC0A-746589F688C0}.Debug|Any CPU.Build.0 = Debug|Any CPU
		{A4388D84-5BA9-4861-AC0A-746589F688C0}.Release|Any CPU.ActiveCfg = Release|Any CPU
		{A4388D84-5BA9-4861-AC0A-746589F688C0}.Release|Any CPU.Build.0 = Release|Any CPU
		{0240668D-D4BB-481F-BDA4-6C5ADE8238B7}.Debug|Any CPU.ActiveCfg = Debug|Any CPU
		{0240668D-D4BB-481F-BDA4-6C5ADE8238B7}.Debug|Any CPU.Build.0 = Debug|Any CPU
		{0240668D-D4BB-481F-BDA4-6C5ADE8238B7}.Release|Any CPU.ActiveCfg = Release|Any CPU
		{0240668D-D4BB-481F-BDA4-6C5ADE8238B7}.Release|Any CPU.Build.0 = Release|Any CPU
		{69592511-EBF3-4C21-A305-A62507EE3B24}.Debug|Any CPU.ActiveCfg = Debug|Any CPU
		{69592511-EBF3-4C21-A305-A62507EE3B24}.Debug|Any CPU.Build.0 = Debug|Any CPU
		{69592511-EBF3-4C21-A305-A62507EE3B24}.Release|Any CPU.ActiveCfg = Release|Any CPU
		{69592511-EBF3-4C21-A305-A62507EE3B24}.Release|Any CPU.Build.0 = Release|Any CPU
		{51342871-A7C6-4EAC-9973-BCB73CB870A2}.Debug|Any CPU.ActiveCfg = Debug|Any CPU
		{51342871-A7C6-4EAC-9973-BCB73CB870A2}.Debug|Any CPU.Build.0 = Debug|Any CPU
		{51342871-A7C6-4EAC-9973-BCB73CB870A2}.Release|Any CPU.ActiveCfg = Release|Any CPU
		{51342871-A7C6-4EAC-9973-BCB73CB870A2}.Release|Any CPU.Build.0 = Release|Any CPU
		{7E366C3D-1F37-4F9A-9A17-E98B12CA5E24}.Debug|Any CPU.ActiveCfg = Debug|Any CPU
		{7E366C3D-1F37-4F9A-9A17-E98B12CA5E24}.Debug|Any CPU.Build.0 = Debug|Any CPU
		{7E366C3D-1F37-4F9A-9A17-E98B12CA5E24}.Release|Any CPU.ActiveCfg = Release|Any CPU
		{7E366C3D-1F37-4F9A-9A17-E98B12CA5E24}.Release|Any CPU.Build.0 = Release|Any CPU
		{1398A0EE-63B6-4A09-A25C-528FD29281E9}.Debug|Any CPU.ActiveCfg = Debug|Any CPU
		{1398A0EE-63B6-4A09-A25C-528FD29281E9}.Debug|Any CPU.Build.0 = Debug|Any CPU
		{1398A0EE-63B6-4A09-A25C-528FD29281E9}.Release|Any CPU.ActiveCfg = Release|Any CPU
		{1398A0EE-63B6-4A09-A25C-528FD29281E9}.Release|Any CPU.Build.0 = Release|Any CPU
	EndGlobalSection
	GlobalSection(SolutionProperties) = preSolution
		HideSolutionNode = FALSE
	EndGlobalSection
	GlobalSection(ExtensibilityGlobals) = postSolution
		SolutionGuid = {8F1E35EC-FF9F-41E1-8073-2AB01FD1D99D}
	EndGlobalSection
EndGlobal
